
Microsoft Visual Studio Solution File, Format Version 12.00
# Visual Studio Version 17
VisualStudioVersion = 17.2.32505.173
MinimumVisualStudioVersion = 10.0.40219.1
Project("{FAE04EC0-301F-11D3-BF4B-00C04F79EFBC}") = "UIPIWORKSDEMO", "UIPIWORKSDEMO\UIPIWORKSDEMO.csproj", "{795E78C6-8A43-45E4-8B3D-FBEFA1ED41A0}"
EndProject
Global
	GlobalSection(SolutionConfigurationPlatforms) = preSolution
		Debug|Any CPU = Debug|Any CPU
		Debug|x64 = Debug|x64
		Release|Any CPU = Release|Any CPU
		Release|x64 = Release|x64
	EndGlobalSection
	GlobalSection(ProjectConfigurationPlatforms) = postSolution
		{795E78C6-8A43-45E4-8B3D-FBEFA1ED41A0}.Debug|Any CPU.ActiveCfg = Debug|Any CPU
		{795E78C6-8A43-45E4-8B3D-FBEFA1ED41A0}.Debug|Any CPU.Build.0 = Debug|Any CPU
		{795E78C6-8A43-45E4-8B3D-FBEFA1ED41A0}.Debug|x64.ActiveCfg = Debug|x64
		{795E78C6-8A43-45E4-8B3D-FBEFA1ED41A0}.Debug|x64.Build.0 = Debug|x64
		{795E78C6-8A43-45E4-8B3D-FBEFA1ED41A0}.Release|Any CPU.ActiveCfg = Release|Any CPU
		{795E78C6-8A43-45E4-8B3D-FBEFA1ED41A0}.Release|Any CPU.Build.0 = Release|Any CPU
		{795E78C6-8A43-45E4-8B3D-FBEFA1ED41A0}.Release|x64.ActiveCfg = Release|x64
		{795E78C6-8A43-45E4-8B3D-FBEFA1ED41A0}.Release|x64.Build.0 = Release|x64
	EndGlobalSection
	GlobalSection(SolutionProperties) = preSolution
		HideSolutionNode = FALSE
	EndGlobalSection
	GlobalSection(ExtensibilityGlobals) = postSolution
		SolutionGuid = {A92B3F23-4832-4282-B08D-6E2CDD1BE0DF}
	EndGlobalSection
EndGlobal
